
Microsoft Visual Studio Solution File, Format Version 10.00
# Visual Studio 2008
Project("{F184B08F-C81C-45F6-A57F-5ABD9991F28F}") = "Program Pembelian", "Program Pembelian\Program Pembelian.vbproj", "{119F7A14-3B6F-4EED-A5A6-3E6CAD4654E7}"
EndProject
Global
	GlobalSection(SolutionConfigurationPlatforms) = preSolution
		Debug|Any CPU = Debug|Any CPU
		Release|Any CPU = Release|Any CPU
	EndGlobalSection
	GlobalSection(ProjectConfigurationPlatforms) = postSolution
		{119F7A14-3B6F-4EED-A5A6-3E6CAD4654E7}.Debug|Any CPU.ActiveCfg = Debug|Any CPU
		{119F7A14-3B6F-4EED-A5A6-3E6CAD4654E7}.Debug|Any CPU.Build.0 = Debug|Any CPU
		{119F7A14-3B6F-4EED-A5A6-3E6CAD4654E7}.Release|Any CPU.ActiveCfg = Release|Any CPU
		{119F7A14-3B6F-4EED-A5A6-3E6CAD4654E7}.Release|Any CPU.Build.0 = Release|Any CPU
	EndGlobalSection
	GlobalSection(SolutionProperties) = preSolution
		HideSolutionNode = FALSE
	EndGlobalSection
EndGlobal
